
Microsoft Visual Studio Solution File, Format Version 12.00
# Visual Studio 15
VisualStudioVersion = 15.0.27703.2026
MinimumVisualStudioVersion = 10.0.40219.1
Project("{8BC9CEB8-8B4A-11D0-8D11-00A0C91BC942}") = "VietTypeTests", "VietTypeTests\VietTypeTests.vcxproj", "{78E8E578-91CC-468F-95DF-8BDE6A4CF76D}"
EndProject
Project("{8BC9CEB8-8B4A-11D0-8D11-00A0C91BC942}") = "VietTypeATL", "VietTypeATL\VietTypeATL.vcxproj", "{6CA483BD-B365-42DC-8AE6-7CFBD2014CBE}"
EndProject
Global
	GlobalSection(SolutionConfigurationPlatforms) = preSolution
		Debug|Win32 = Debug|Win32
		Debug|x64 = Debug|x64
		Release|Win32 = Release|Win32
		Release|x64 = Release|x64
		TestDebug|Win32 = TestDebug|Win32
		TestDebug|x64 = TestDebug|x64
		TestRelease|Win32 = TestRelease|Win32
		TestRelease|x64 = TestRelease|x64
	EndGlobalSection
	GlobalSection(ProjectConfigurationPlatforms) = postSolution
		{78E8E578-91CC-468F-95DF-8BDE6A4CF76D}.Debug|Win32.ActiveCfg = Debug|Win32
		{78E8E578-91CC-468F-95DF-8BDE6A4CF76D}.Debug|x64.ActiveCfg = Debug|x64
		{78E8E578-91CC-468F-95DF-8BDE6A4CF76D}.Release|Win32.ActiveCfg = Release|Win32
		{78E8E578-91CC-468F-95DF-8BDE6A4CF76D}.Release|x64.ActiveCfg = Release|x64
		{78E8E578-91CC-468F-95DF-8BDE6A4CF76D}.TestDebug|Win32.ActiveCfg = TestDebug|Win32
		{78E8E578-91CC-468F-95DF-8BDE6A4CF76D}.TestDebug|Win32.Build.0 = TestDebug|Win32
		{78E8E578-91CC-468F-95DF-8BDE6A4CF76D}.TestDebug|x64.ActiveCfg = TestDebug|x64
		{78E8E578-91CC-468F-95DF-8BDE6A4CF76D}.TestDebug|x64.Build.0 = TestDebug|x64
		{78E8E578-91CC-468F-95DF-8BDE6A4CF76D}.TestRelease|Win32.ActiveCfg = TestRelease|Win32
		{78E8E578-91CC-468F-95DF-8BDE6A4CF76D}.TestRelease|Win32.Build.0 = TestRelease|Win32
		{78E8E578-91CC-468F-95DF-8BDE6A4CF76D}.TestRelease|x64.ActiveCfg = TestRelease|x64
		{78E8E578-91CC-468F-95DF-8BDE6A4CF76D}.TestRelease|x64.Build.0 = TestRelease|x64
		{6CA483BD-B365-42DC-8AE6-7CFBD2014CBE}.Debug|Win32.ActiveCfg = Debug|Win32
		{6CA483BD-B365-42DC-8AE6-7CFBD2014CBE}.Debug|Win32.Build.0 = Debug|Win32
		{6CA483BD-B365-42DC-8AE6-7CFBD2014CBE}.Debug|x64.ActiveCfg = Debug|x64
		{6CA483BD-B365-42DC-8AE6-7CFBD2014CBE}.Debug|x64.Build.0 = Debug|x64
		{6CA483BD-B365-42DC-8AE6-7CFBD2014CBE}.Release|Win32.ActiveCfg = Release|Win32
		{6CA483BD-B365-42DC-8AE6-7CFBD2014CBE}.Release|Win32.Build.0 = Release|Win32
		{6CA483BD-B365-42DC-8AE6-7CFBD2014CBE}.Release|x64.ActiveCfg = Release|x64
		{6CA483BD-B365-42DC-8AE6-7CFBD2014CBE}.Release|x64.Build.0 = Release|x64
		{6CA483BD-B365-42DC-8AE6-7CFBD2014CBE}.TestDebug|Win32.ActiveCfg = Debug|Win32
		{6CA483BD-B365-42DC-8AE6-7CFBD2014CBE}.TestDebug|Win32.Build.0 = Debug|Win32
		{6CA483BD-B365-42DC-8AE6-7CFBD2014CBE}.TestDebug|x64.ActiveCfg = TestDebug|x64
		{6CA483BD-B365-42DC-8AE6-7CFBD2014CBE}.TestDebug|x64.Build.0 = TestDebug|x64
		{6CA483BD-B365-42DC-8AE6-7CFBD2014CBE}.TestRelease|Win32.ActiveCfg = Release|Win32
		{6CA483BD-B365-42DC-8AE6-7CFBD2014CBE}.TestRelease|Win32.Build.0 = Release|Win32
		{6CA483BD-B365-42DC-8AE6-7CFBD2014CBE}.TestRelease|x64.ActiveCfg = TestRelease|x64
		{6CA483BD-B365-42DC-8AE6-7CFBD2014CBE}.TestRelease|x64.Build.0 = TestRelease|x64
	EndGlobalSection
	GlobalSection(SolutionProperties) = preSolution
		HideSolutionNode = FALSE
	EndGlobalSection
	GlobalSection(ExtensibilityGlobals) = postSolution
		SolutionGuid = {5B4BEB69-1F9E-4A4D-BD87-E263BF9577AE}
	EndGlobalSection
EndGlobal
